
Microsoft Visual Studio Solution File, Format Version 12.00
# Visual Studio 14
VisualStudioVersion = 14.0.25420.1
MinimumVisualStudioVersion = 10.0.40219.1
Project("{FAE04EC0-301F-11D3-BF4B-00C04F79EFBC}") = "VoxelEditor", "VoxelEditor\VoxelEditor.csproj", "{9A4EA616-7049-47F4-B595-FA429B81230A}"
EndProject
Project("{FAE04EC0-301F-11D3-BF4B-00C04F79EFBC}") = "DMS.Application", "Framework\DMS.Application\DMS.Application.csproj", "{911C6DFF-BE3E-4EA5-ADF2-A363DF797F23}"
EndProject
Project("{FAE04EC0-301F-11D3-BF4B-00C04F79EFBC}") = "DMS.Base", "Framework\DMS.Base\DMS.Base.csproj", "{E5FF60A4-46FB-42D2-9430-BC523315C2E0}"
EndProject
Project("{FAE04EC0-301F-11D3-BF4B-00C04F79EFBC}") = "DMS.Geometry", "Framework\DMS.Geometry\DMS.Geometry.csproj", "{B37B7DDE-435B-4F27-9A9B-9B6DF8744EBE}"
EndProject
Project("{FAE04EC0-301F-11D3-BF4B-00C04F79EFBC}") = "DMS.HLGL", "Framework\DMS.HLGL\DMS.HLGL.csproj", "{227D6BE1-BA08-4030-A755-07288540931F}"
EndProject
Project("{FAE04EC0-301F-11D3-BF4B-00C04F79EFBC}") = "DMS.OpenGL", "Framework\DMS.OpenGL\DMS.OpenGL.csproj", "{C660F6AF-C100-4169-A9FB-61E1EBE87F34}"
EndProject
Project("{FAE04EC0-301F-11D3-BF4B-00C04F79EFBC}") = "DMS.ShaderDebugging", "Framework\DMS.ShaderDebugging\DMS.ShaderDebugging.csproj", "{3C8BCF2C-1019-4A8D-B986-AFD6BB80E917}"
EndProject
Project("{FAE04EC0-301F-11D3-BF4B-00C04F79EFBC}") = "DMS.Sound", "Framework\DMS.Sound\DMS.Sound.csproj", "{78A88806-AD96-4821-B9AD-8FC060F6FEB6}"
EndProject
Project("{FAE04EC0-301F-11D3-BF4B-00C04F79EFBC}") = "DMS.TimeTools", "Framework\DMS.TimeTools\DMS.TimeTools.csproj", "{54156018-0F41-4EEF-AEB4-F1C99CF7A2AB}"
EndProject
Global
	GlobalSection(SolutionConfigurationPlatforms) = preSolution
		Debug|Any CPU = Debug|Any CPU
		Release|Any CPU = Release|Any CPU
	EndGlobalSection
	GlobalSection(ProjectConfigurationPlatforms) = postSolution
		{9A4EA616-7049-47F4-B595-FA429B81230A}.Debug|Any CPU.ActiveCfg = Debug|Any CPU
		{9A4EA616-7049-47F4-B595-FA429B81230A}.Debug|Any CPU.Build.0 = Debug|Any CPU
		{9A4EA616-7049-47F4-B595-FA429B81230A}.Release|Any CPU.ActiveCfg = Release|Any CPU
		{9A4EA616-7049-47F4-B595-FA429B81230A}.Release|Any CPU.Build.0 = Release|Any CPU
		{911C6DFF-BE3E-4EA5-ADF2-A363DF797F23}.Debug|Any CPU.ActiveCfg = Debug|Any CPU
		{911C6DFF-BE3E-4EA5-ADF2-A363DF797F23}.Debug|Any CPU.Build.0 = Debug|Any CPU
		{911C6DFF-BE3E-4EA5-ADF2-A363DF797F23}.Release|Any CPU.ActiveCfg = Release|Any CPU
		{911C6DFF-BE3E-4EA5-ADF2-A363DF797F23}.Release|Any CPU.Build.0 = Release|Any CPU
		{E5FF60A4-46FB-42D2-9430-BC523315C2E0}.Debug|Any CPU.ActiveCfg = Debug|Any CPU
		{E5FF60A4-46FB-42D2-9430-BC523315C2E0}.Debug|Any CPU.Build.0 = Debug|Any CPU
		{E5FF60A4-46FB-42D2-9430-BC523315C2E0}.Release|Any CPU.ActiveCfg = Release|Any CPU
		{E5FF60A4-46FB-42D2-9430-BC523315C2E0}.Release|Any CPU.Build.0 = Release|Any CPU
		{B37B7DDE-435B-4F27-9A9B-9B6DF8744EBE}.Debug|Any CPU.ActiveCfg = Debug|Any CPU
		{B37B7DDE-435B-4F27-9A9B-9B6DF8744EBE}.Debug|Any CPU.Build.0 = Debug|Any CPU
		{B37B7DDE-435B-4F27-9A9B-9B6DF8744EBE}.Release|Any CPU.ActiveCfg = Release|Any CPU
		{B37B7DDE-435B-4F27-9A9B-9B6DF8744EBE}.Release|Any CPU.Build.0 = Release|Any CPU
		{227D6BE1-BA08-4030-A755-07288540931F}.Debug|Any CPU.ActiveCfg = Debug|Any CPU
		{227D6BE1-BA08-4030-A755-07288540931F}.Debug|Any CPU.Build.0 = Debug|Any CPU
		{227D6BE1-BA08-4030-A755-07288540931F}.Release|Any CPU.ActiveCfg = Release|Any CPU
		{227D6BE1-BA08-4030-A755-07288540931F}.Release|Any CPU.Build.0 = Release|Any CPU
		{C660F6AF-C100-4169-A9FB-61E1EBE87F34}.Debug|Any CPU.ActiveCfg = Debug|Any CPU
		{C660F6AF-C100-4169-A9FB-61E1EBE87F34}.Debug|Any CPU.Build.0 = Debug|Any CPU
		{C660F6AF-C100-4169-A9FB-61E1EBE87F34}.Release|Any CPU.ActiveCfg = Release|Any CPU
		{C660F6AF-C100-4169-A9FB-61E1EBE87F34}.Release|Any CPU.Build.0 = Release|Any CPU
		{3C8BCF2C-1019-4A8D-B986-AFD6BB80E917}.Debug|Any CPU.ActiveCfg = Debug|Any CPU
		{3C8BCF2C-1019-4A8D-B986-AFD6BB80E917}.Debug|Any CPU.Build.0 = Debug|Any CPU
		{3C8BCF2C-1019-4A8D-B986-AFD6BB80E917}.Release|Any CPU.ActiveCfg = Release|Any CPU
		{3C8BCF2C-1019-4A8D-B986-AFD6BB80E917}.Release|Any CPU.Build.0 = Release|Any CPU
		{78A88806-AD96-4821-B9AD-8FC060F6FEB6}.Debug|Any CPU.ActiveCfg = Debug|Any CPU
		{78A88806-AD96-4821-B9AD-8FC060F6FEB6}.Debug|Any CPU.Build.0 = Debug|Any CPU
		{78A88806-AD96-4821-B9AD-8FC060F6FEB6}.Release|Any CPU.ActiveCfg = Release|Any CPU
		{78A88806-AD96-4821-B9AD-8FC060F6FEB6}.Release|Any CPU.Build.0 = Release|Any CPU
		{54156018-0F41-4EEF-AEB4-F1C99CF7A2AB}.Debug|Any CPU.ActiveCfg = Debug|Any CPU
		{54156018-0F41-4EEF-AEB4-F1C99CF7A2AB}.Debug|Any CPU.Build.0 = Debug|Any CPU
		{54156018-0F41-4EEF-AEB4-F1C99CF7A2AB}.Release|Any CPU.ActiveCfg = Release|Any CPU
		{54156018-0F41-4EEF-AEB4-F1C99CF7A2AB}.Release|Any CPU.Build.0 = Release|Any CPU
	EndGlobalSection
	GlobalSection(SolutionProperties) = preSolution
		HideSolutionNode = FALSE
	EndGlobalSection
EndGlobal
